
Microsoft Visual Studio Solution File, Format Version 12.00
# Visual Studio Version 16
VisualStudioVersion = 16.0.32901.84
MinimumVisualStudioVersion = 10.0.40219.1
Project("{FAE04EC0-301F-11D3-BF4B-00C04F79EFBC}") = "Bucle", "Bucle\Bucle.csproj", "{AA521476-7A8C-45C8-B172-77570635A481}"
EndProject
Global
	GlobalSection(SolutionConfigurationPlatforms) = preSolution
		Debug|Any CPU = Debug|Any CPU
		Release|Any CPU = Release|Any CPU
	EndGlobalSection
	GlobalSection(ProjectConfigurationPlatforms) = postSolution
		{AA521476-7A8C-45C8-B172-77570635A481}.Debug|Any CPU.ActiveCfg = Debug|Any CPU
		{AA521476-7A8C-45C8-B172-77570635A481}.Debug|Any CPU.Build.0 = Debug|Any CPU
		{AA521476-7A8C-45C8-B172-77570635A481}.Release|Any CPU.ActiveCfg = Release|Any CPU
		{AA521476-7A8C-45C8-B172-77570635A481}.Release|Any CPU.Build.0 = Release|Any CPU
	EndGlobalSection
	GlobalSection(SolutionProperties) = preSolution
		HideSolutionNode = FALSE
	EndGlobalSection
	GlobalSection(ExtensibilityGlobals) = postSolution
		SolutionGuid = {22AC232C-C7FD-45AB-A8FC-91E109798064}
	EndGlobalSection
EndGlobal
