
Microsoft Visual Studio Solution File, Format Version 12.00
# Visual Studio Version 16
VisualStudioVersion = 16.0.32901.84
MinimumVisualStudioVersion = 10.0.40219.1
Project("{FAE04EC0-301F-11D3-BF4B-00C04F79EFBC}") = "Ejercicio 2", "Ejercicio 2\Ejercicio 2.csproj", "{8E3FD50C-D244-4630-850B-7438177B8A00}"
EndProject
Global
	GlobalSection(SolutionConfigurationPlatforms) = preSolution
		Debug|Any CPU = Debug|Any CPU
		Release|Any CPU = Release|Any CPU
	EndGlobalSection
	GlobalSection(ProjectConfigurationPlatforms) = postSolution
		{8E3FD50C-D244-4630-850B-7438177B8A00}.Debug|Any CPU.ActiveCfg = Debug|Any CPU
		{8E3FD50C-D244-4630-850B-7438177B8A00}.Debug|Any CPU.Build.0 = Debug|Any CPU
		{8E3FD50C-D244-4630-850B-7438177B8A00}.Release|Any CPU.ActiveCfg = Release|Any CPU
		{8E3FD50C-D244-4630-850B-7438177B8A00}.Release|Any CPU.Build.0 = Release|Any CPU
	EndGlobalSection
	GlobalSection(SolutionProperties) = preSolution
		HideSolutionNode = FALSE
	EndGlobalSection
	GlobalSection(ExtensibilityGlobals) = postSolution
		SolutionGuid = {9AABA6E8-5D47-4FE9-9821-5B219E19773F}
	EndGlobalSection
EndGlobal
